Microsoft Visual Studio Solution File, Format Version 12.00
# Visual Studio Version 17
VisualStudioVersion = 17.10.35027.167
MinimumVisualStudioVersion = 10.0.40219.1
Project("{9A19103F-16F7-4668-BE54-9A1E7A4F7556}") = "CrewinDemo.AppHost", "CrewinDemo.AppHost\CrewinDemo.AppHost.csproj", "{319D3055-06C5-4B84-B33D-041A620DBB27}"
EndProject
Project("{9A19103F-16F7-4668-BE54-9A1E7A4F7556}") = "CrewinDemo.ServiceDefaults", "CrewinDemo.ServiceDefaults\CrewinDemo.ServiceDefaults.csproj", "{6482AD1A-475B-4C56-8FFF-CA00CAFD3E44}"
EndProject
Project("{9A19103F-16F7-4668-BE54-9A1E7A4F7556}") = "CrewinDemo.ApiService", "CrewinDemo.ApiService\CrewinDemo.ApiService.csproj", "{69D18940-633E-42EA-8478-A6BF6CC3FF71}"
EndProject
Project("{9A19103F-16F7-4668-BE54-9A1E7A4F7556}") = "CrewinDemo.Web", "CrewinDemo.Web\CrewinDemo.Web.csproj", "{8952EF63-3AE7-447E-BCB8-6A7A78936FB3}"
EndProject
Project("{9A19103F-16F7-4668-BE54-9A1E7A4F7556}") = "CrewinDemo.Business", "CrewinDemo.Business\CrewinDemo.Business.csproj", "{16A8FFB4-0F19-4B72-BA94-A454F860BA2C}"
EndProject
Project("{9A19103F-16F7-4668-BE54-9A1E7A4F7556}") = "CrewinDemo.Models", "CrewinDemo.Models\CrewinDemo.Models.csproj", "{48F647D3-4768-4FD5-A754-B4A710F2AA26}"
EndProject
Project("{9A19103F-16F7-4668-BE54-9A1E7A4F7556}") = "CrewinDemo.DataAccess", "CrewinDemo.DataAccess\CrewinDemo.DataAccess.csproj", "{FA07CD7C-DF5C-45ED-A64A-D2AE310DA5E3}"
EndProject
Global
	GlobalSection(SolutionConfigurationPlatforms) = preSolution
		Debug|Any CPU = Debug|Any CPU
		Release|Any CPU = Release|Any CPU
	EndGlobalSection
	GlobalSection(ProjectConfigurationPlatforms) = postSolution
		{319D3055-06C5-4B84-B33D-041A620DBB27}.Debug|Any CPU.ActiveCfg = Debug|Any CPU
		{319D3055-06C5-4B84-B33D-041A620DBB27}.Debug|Any CPU.Build.0 = Debug|Any CPU
		{319D3055-06C5-4B84-B33D-041A620DBB27}.Release|Any CPU.ActiveCfg = Release|Any CPU
		{319D3055-06C5-4B84-B33D-041A620DBB27}.Release|Any CPU.Build.0 = Release|Any CPU
		{6482AD1A-475B-4C56-8FFF-CA00CAFD3E44}.Debug|Any CPU.ActiveCfg = Debug|Any CPU
		{6482AD1A-475B-4C56-8FFF-CA00CAFD3E44}.Debug|Any CPU.Build.0 = Debug|Any CPU
		{6482AD1A-475B-4C56-8FFF-CA00CAFD3E44}.Release|Any CPU.ActiveCfg = Release|Any CPU
		{6482AD1A-475B-4C56-8FFF-CA00CAFD3E44}.Release|Any CPU.Build.0 = Release|Any CPU
		{69D18940-633E-42EA-8478-A6BF6CC3FF71}.Debug|Any CPU.ActiveCfg = Debug|Any CPU
		{69D18940-633E-42EA-8478-A6BF6CC3FF71}.Debug|Any CPU.Build.0 = Debug|Any CPU
		{69D18940-633E-42EA-8478-A6BF6CC3FF71}.Release|Any CPU.ActiveCfg = Release|Any CPU
		{69D18940-633E-42EA-8478-A6BF6CC3FF71}.Release|Any CPU.Build.0 = Release|Any CPU
		{8952EF63-3AE7-447E-BCB8-6A7A78936FB3}.Debug|Any CPU.ActiveCfg = Debug|Any CPU
		{8952EF63-3AE7-447E-BCB8-6A7A78936FB3}.Debug|Any CPU.Build.0 = Debug|Any CPU
		{8952EF63-3AE7-447E-BCB8-6A7A78936FB3}.Release|Any CPU.ActiveCfg = Release|Any CPU
		{8952EF63-3AE7-447E-BCB8-6A7A78936FB3}.Release|Any CPU.Build.0 = Release|Any CPU
		{16A8FFB4-0F19-4B72-BA94-A454F860BA2C}.Debug|Any CPU.ActiveCfg = Debug|Any CPU
		{16A8FFB4-0F19-4B72-BA94-A454F860BA2C}.Debug|Any CPU.Build.0 = Debug|Any CPU
		{16A8FFB4-0F19-4B72-BA94-A454F860BA2C}.Release|Any CPU.ActiveCfg = Release|Any CPU
		{16A8FFB4-0F19-4B72-BA94-A454F860BA2C}.Release|Any CPU.Build.0 = Release|Any CPU
		{48F647D3-4768-4FD5-A754-B4A710F2AA26}.Debug|Any CPU.ActiveCfg = Debug|Any CPU
		{48F647D3-4768-4FD5-A754-B4A710F2AA26}.Debug|Any CPU.Build.0 = Debug|Any CPU
		{48F647D3-4768-4FD5-A754-B4A710F2AA26}.Release|Any CPU.ActiveCfg = Release|Any CPU
		{48F647D3-4768-4FD5-A754-B4A710F2AA26}.Release|Any CPU.Build.0 = Release|Any CPU
		{FA07CD7C-DF5C-45ED-A64A-D2AE310DA5E3}.Debug|Any CPU.ActiveCfg = Debug|Any CPU
		{FA07CD7C-DF5C-45ED-A64A-D2AE310DA5E3}.Debug|Any CPU.Build.0 = Debug|Any CPU
		{FA07CD7C-DF5C-45ED-A64A-D2AE310DA5E3}.Release|Any CPU.ActiveCfg = Release|Any CPU
		{FA07CD7C-DF5C-45ED-A64A-D2AE310DA5E3}.Release|Any CPU.Build.0 = Release|Any CPU
	EndGlobalSection
	GlobalSection(SolutionProperties) = preSolution
		HideSolutionNode = FALSE
	EndGlobalSection
	GlobalSection(ExtensibilityGlobals) = postSolution
		SolutionGuid = {1F8F22B7-5D60-4E87-AC0A-C54AF094DA76}
	EndGlobalSection
EndGlobal
